
Microsoft Visual Studio Solution File, Format Version 12.00
# Visual Studio Version 16
VisualStudioVersion = 16.0.29613.14
MinimumVisualStudioVersion = 10.0.40219.1
Project("{FAE04EC0-301F-11D3-BF4B-00C04F79EFBC}") = "Calculator", "Calculator\Calculator.csproj", "{A5FE6C25-F374-4F8D-8A11-7BAF7E23ED7C}"
EndProject
Global
	GlobalSection(SolutionConfigurationPlatforms) = preSolution
		Debug|Any CPU = Debug|Any CPU
		Release|Any CPU = Release|Any CPU
	EndGlobalSection
	GlobalSection(ProjectConfigurationPlatforms) = postSolution
		{A5FE6C25-F374-4F8D-8A11-7BAF7E23ED7C}.Debug|Any CPU.ActiveCfg = Debug|Any CPU
		{A5FE6C25-F374-4F8D-8A11-7BAF7E23ED7C}.Debug|Any CPU.Build.0 = Debug|Any CPU
		{A5FE6C25-F374-4F8D-8A11-7BAF7E23ED7C}.Release|Any CPU.ActiveCfg = Release|Any CPU
		{A5FE6C25-F374-4F8D-8A11-7BAF7E23ED7C}.Release|Any CPU.Build.0 = Release|Any CPU
	EndGlobalSection
	GlobalSection(SolutionProperties) = preSolution
		HideSolutionNode = FALSE
	EndGlobalSection
	GlobalSection(ExtensibilityGlobals) = postSolution
		SolutionGuid = {5024650A-F32D-45B7-A51D-39565B48F976}
	EndGlobalSection
EndGlobal
