
Microsoft Visual Studio Solution File, Format Version 12.00
# Visual Studio Version 16
VisualStudioVersion = 16.0.29613.14
MinimumVisualStudioVersion = 10.0.40219.1
Project("{9A19103F-16F7-4668-BE54-9A1E7A4F7556}") = "labs_01_2020", "labs_01_2020\labs_01_2020.csproj", "{EC9C09F7-3829-4231-A022-FB452AA8A5D8}"
EndProject
Project("{9A19103F-16F7-4668-BE54-9A1E7A4F7556}") = "lab_03_use_library", "lab_03_library\lab_03_use_library.csproj", "{6D6A8322-92E6-44DC-A9BD-9EDB099B594B}"
EndProject
Project("{9A19103F-16F7-4668-BE54-9A1E7A4F7556}") = "lab_03_library_files", "lab_03_library_files\lab_03_library_files.csproj", "{AD1A183B-3B4E-4697-82DE-B769968EE360}"
EndProject
Project("{9A19103F-16F7-4668-BE54-9A1E7A4F7556}") = "lab_04_debugging", "lab_04_debugging\lab_04_debugging.csproj", "{28D73A37-4DA9-41E9-A4C0-336F77FA4D5B}"
EndProject
Project("{FAE04EC0-301F-11D3-BF4B-00C04F79EFBC}") = "lab_05_log_to_event_viewer", "lab_05_log_to_event_viewer\lab_05_log_to_event_viewer.csproj", "{CC261B97-3C39-4F66-B772-6A75AC733BE5}"
EndProject
Project("{9A19103F-16F7-4668-BE54-9A1E7A4F7556}") = "lab_06_conditional_compiling", "lab_06_conditional_compiling\lab_06_conditional_compiling.csproj", "{0C5ED515-5336-4F4A-AEBE-8250E2BB848D}"
EndProject
Project("{9A19103F-16F7-4668-BE54-9A1E7A4F7556}") = "lab_07_argument_args_array", "lab_07_argument_args_array\lab_07_argument_args_array.csproj", "{F9CC6B5A-DBE7-4E3F-8EF7-B1865D1AD981}"
EndProject
Project("{9A19103F-16F7-4668-BE54-9A1E7A4F7556}") = "lab_08_literal_objects", "lab_08_literal_objects\lab_08_literal_objects.csproj", "{43E9439B-53BF-4A0C-B386-574712DBD843}"
EndProject
Project("{9A19103F-16F7-4668-BE54-9A1E7A4F7556}") = "lab_09_OOP_intro", "lab_09_OOP_intro\lab_09_OOP_intro.csproj", "{80F87A6B-FFF7-45C4-A941-144E0AE5D5F0}"
EndProject
Project("{9A19103F-16F7-4668-BE54-9A1E7A4F7556}") = "lab_10_methods", "lab_10_methods\lab_10_methods.csproj", "{45F3127D-8B6C-4990-8D39-FB70F74A1A27}"
EndProject
Project("{9A19103F-16F7-4668-BE54-9A1E7A4F7556}") = "lab_11_methods", "lab_11_methods\lab_11_methods.csproj", "{FC251FCD-4558-4EAD-B36A-2487600A912B}"
EndProject
Project("{9A19103F-16F7-4668-BE54-9A1E7A4F7556}") = "lab_12_properties", "lab_12_properties\lab_12_properties.csproj", "{29B61F22-A3BF-4E6B-8983-C005D033F579}"
EndProject
Project("{FAE04EC0-301F-11D3-BF4B-00C04F79EFBC}") = "lab_13_polymorphism", "lab_13_polymorphism\lab_13_polymorphism.csproj", "{28EAA51E-C67C-4458-A04B-055A1CE86C00}"
EndProject
Project("{FAE04EC0-301F-11D3-BF4B-00C04F79EFBC}") = "lab_14_abstract_class", "lab_14_abstract_class\lab_14_abstract_class.csproj", "{D0FDB340-6FBD-4339-8EF4-8CDCD78502AA}"
EndProject
Project("{FAE04EC0-301F-11D3-BF4B-00C04F79EFBC}") = "lab_15_namespace", "lab_15_namespace\lab_15_namespace.csproj", "{3C014199-C4B3-4EE2-859C-F00DE2ED9A80}"
EndProject
Project("{FAE04EC0-301F-11D3-BF4B-00C04F79EFBC}") = "lab_16_access_modifiers", "lab_16_access_modifiers\lab_16_access_modifiers.csproj", "{E25A3B15-3E82-4270-B385-C2AF96C16B5C}"
EndProject
Project("{FAE04EC0-301F-11D3-BF4B-00C04F79EFBC}") = "lab_17_value_reference_type", "lab_17_value_reference_type\lab_17_value_reference_type.csproj", "{0B7158A7-726D-4C51-94E8-87367456F16D}"
EndProject
Global
	GlobalSection(SolutionConfigurationPlatforms) = preSolution
		Debug|Any CPU = Debug|Any CPU
		Release|Any CPU = Release|Any CPU
	EndGlobalSection
	GlobalSection(ProjectConfigurationPlatforms) = postSolution
		{EC9C09F7-3829-4231-A022-FB452AA8A5D8}.Debug|Any CPU.ActiveCfg = Debug|Any CPU
		{EC9C09F7-3829-4231-A022-FB452AA8A5D8}.Debug|Any CPU.Build.0 = Debug|Any CPU
		{EC9C09F7-3829-4231-A022-FB452AA8A5D8}.Release|Any CPU.ActiveCfg = Release|Any CPU
		{EC9C09F7-3829-4231-A022-FB452AA8A5D8}.Release|Any CPU.Build.0 = Release|Any CPU
		{6D6A8322-92E6-44DC-A9BD-9EDB099B594B}.Debug|Any CPU.ActiveCfg = Debug|Any CPU
		{6D6A8322-92E6-44DC-A9BD-9EDB099B594B}.Debug|Any CPU.Build.0 = Debug|Any CPU
		{6D6A8322-92E6-44DC-A9BD-9EDB099B594B}.Release|Any CPU.ActiveCfg = Release|Any CPU
		{6D6A8322-92E6-44DC-A9BD-9EDB099B594B}.Release|Any CPU.Build.0 = Release|Any CPU
		{AD1A183B-3B4E-4697-82DE-B769968EE360}.Debug|Any CPU.ActiveCfg = Debug|Any CPU
		{AD1A183B-3B4E-4697-82DE-B769968EE360}.Debug|Any CPU.Build.0 = Debug|Any CPU
		{AD1A183B-3B4E-4697-82DE-B769968EE360}.Release|Any CPU.ActiveCfg = Release|Any CPU
		{AD1A183B-3B4E-4697-82DE-B769968EE360}.Release|Any CPU.Build.0 = Release|Any CPU
		{28D73A37-4DA9-41E9-A4C0-336F77FA4D5B}.Debug|Any CPU.ActiveCfg = Debug|Any CPU
		{28D73A37-4DA9-41E9-A4C0-336F77FA4D5B}.Debug|Any CPU.Build.0 = Debug|Any CPU
		{28D73A37-4DA9-41E9-A4C0-336F77FA4D5B}.Release|Any CPU.ActiveCfg = Release|Any CPU
		{28D73A37-4DA9-41E9-A4C0-336F77FA4D5B}.Release|Any CPU.Build.0 = Release|Any CPU
		{CC261B97-3C39-4F66-B772-6A75AC733BE5}.Debug|Any CPU.ActiveCfg = Debug|Any CPU
		{CC261B97-3C39-4F66-B772-6A75AC733BE5}.Debug|Any CPU.Build.0 = Debug|Any CPU
		{CC261B97-3C39-4F66-B772-6A75AC733BE5}.Release|Any CPU.ActiveCfg = Release|Any CPU
		{CC261B97-3C39-4F66-B772-6A75AC733BE5}.Release|Any CPU.Build.0 = Release|Any CPU
		{0C5ED515-5336-4F4A-AEBE-8250E2BB848D}.Debug|Any CPU.ActiveCfg = Debug|Any CPU
		{0C5ED515-5336-4F4A-AEBE-8250E2BB848D}.Debug|Any CPU.Build.0 = Debug|Any CPU
		{0C5ED515-5336-4F4A-AEBE-8250E2BB848D}.Release|Any CPU.ActiveCfg = Release|Any CPU
		{0C5ED515-5336-4F4A-AEBE-8250E2BB848D}.Release|Any CPU.Build.0 = Release|Any CPU
		{F9CC6B5A-DBE7-4E3F-8EF7-B1865D1AD981}.Debug|Any CPU.ActiveCfg = Debug|Any CPU
		{F9CC6B5A-DBE7-4E3F-8EF7-B1865D1AD981}.Debug|Any CPU.Build.0 = Debug|Any CPU
		{F9CC6B5A-DBE7-4E3F-8EF7-B1865D1AD981}.Release|Any CPU.ActiveCfg = Release|Any CPU
		{F9CC6B5A-DBE7-4E3F-8EF7-B1865D1AD981}.Release|Any CPU.Build.0 = Release|Any CPU
		{43E9439B-53BF-4A0C-B386-574712DBD843}.Debug|Any CPU.ActiveCfg = Debug|Any CPU
		{43E9439B-53BF-4A0C-B386-574712DBD843}.Debug|Any CPU.Build.0 = Debug|Any CPU
		{43E9439B-53BF-4A0C-B386-574712DBD843}.Release|Any CPU.ActiveCfg = Release|Any CPU
		{43E9439B-53BF-4A0C-B386-574712DBD843}.Release|Any CPU.Build.0 = Release|Any CPU
		{80F87A6B-FFF7-45C4-A941-144E0AE5D5F0}.Debug|Any CPU.ActiveCfg = Debug|Any CPU
		{80F87A6B-FFF7-45C4-A941-144E0AE5D5F0}.Debug|Any CPU.Build.0 = Debug|Any CPU
		{80F87A6B-FFF7-45C4-A941-144E0AE5D5F0}.Release|Any CPU.ActiveCfg = Release|Any CPU
		{80F87A6B-FFF7-45C4-A941-144E0AE5D5F0}.Release|Any CPU.Build.0 = Release|Any CPU
		{45F3127D-8B6C-4990-8D39-FB70F74A1A27}.Debug|Any CPU.ActiveCfg = Debug|Any CPU
		{45F3127D-8B6C-4990-8D39-FB70F74A1A27}.Debug|Any CPU.Build.0 = Debug|Any CPU
		{45F3127D-8B6C-4990-8D39-FB70F74A1A27}.Release|Any CPU.ActiveCfg = Release|Any CPU
		{45F3127D-8B6C-4990-8D39-FB70F74A1A27}.Release|Any CPU.Build.0 = Release|Any CPU
		{FC251FCD-4558-4EAD-B36A-2487600A912B}.Debug|Any CPU.ActiveCfg = Debug|Any CPU
		{FC251FCD-4558-4EAD-B36A-2487600A912B}.Debug|Any CPU.Build.0 = Debug|Any CPU
		{FC251FCD-4558-4EAD-B36A-2487600A912B}.Release|Any CPU.ActiveCfg = Release|Any CPU
		{FC251FCD-4558-4EAD-B36A-2487600A912B}.Release|Any CPU.Build.0 = Release|Any CPU
		{29B61F22-A3BF-4E6B-8983-C005D033F579}.Debug|Any CPU.ActiveCfg = Debug|Any CPU
		{29B61F22-A3BF-4E6B-8983-C005D033F579}.Debug|Any CPU.Build.0 = Debug|Any CPU
		{29B61F22-A3BF-4E6B-8983-C005D033F579}.Release|Any CPU.ActiveCfg = Release|Any CPU
		{29B61F22-A3BF-4E6B-8983-C005D033F579}.Release|Any CPU.Build.0 = Release|Any CPU
		{28EAA51E-C67C-4458-A04B-055A1CE86C00}.Debug|Any CPU.ActiveCfg = Debug|Any CPU
		{28EAA51E-C67C-4458-A04B-055A1CE86C00}.Debug|Any CPU.Build.0 = Debug|Any CPU
		{28EAA51E-C67C-4458-A04B-055A1CE86C00}.Release|Any CPU.ActiveCfg = Release|Any CPU
		{28EAA51E-C67C-4458-A04B-055A1CE86C00}.Release|Any CPU.Build.0 = Release|Any CPU
		{D0FDB340-6FBD-4339-8EF4-8CDCD78502AA}.Debug|Any CPU.ActiveCfg = Debug|Any CPU
		{D0FDB340-6FBD-4339-8EF4-8CDCD78502AA}.Debug|Any CPU.Build.0 = Debug|Any CPU
		{D0FDB340-6FBD-4339-8EF4-8CDCD78502AA}.Release|Any CPU.ActiveCfg = Release|Any CPU
		{D0FDB340-6FBD-4339-8EF4-8CDCD78502AA}.Release|Any CPU.Build.0 = Release|Any CPU
		{3C014199-C4B3-4EE2-859C-F00DE2ED9A80}.Debug|Any CPU.ActiveCfg = Debug|Any CPU
		{3C014199-C4B3-4EE2-859C-F00DE2ED9A80}.Debug|Any CPU.Build.0 = Debug|Any CPU
		{3C014199-C4B3-4EE2-859C-F00DE2ED9A80}.Release|Any CPU.ActiveCfg = Release|Any CPU
		{3C014199-C4B3-4EE2-859C-F00DE2ED9A80}.Release|Any CPU.Build.0 = Release|Any CPU
		{E25A3B15-3E82-4270-B385-C2AF96C16B5C}.Debug|Any CPU.ActiveCfg = Debug|Any CPU
		{E25A3B15-3E82-4270-B385-C2AF96C16B5C}.Debug|Any CPU.Build.0 = Debug|Any CPU
		{E25A3B15-3E82-4270-B385-C2AF96C16B5C}.Release|Any CPU.ActiveCfg = Release|Any CPU
		{E25A3B15-3E82-4270-B385-C2AF96C16B5C}.Release|Any CPU.Build.0 = Release|Any CPU
		{0B7158A7-726D-4C51-94E8-87367456F16D}.Debug|Any CPU.ActiveCfg = Debug|Any CPU
		{0B7158A7-726D-4C51-94E8-87367456F16D}.Debug|Any CPU.Build.0 = Debug|Any CPU
		{0B7158A7-726D-4C51-94E8-87367456F16D}.Release|Any CPU.ActiveCfg = Release|Any CPU
		{0B7158A7-726D-4C51-94E8-87367456F16D}.Release|Any CPU.Build.0 = Release|Any CPU
	EndGlobalSection
	GlobalSection(SolutionProperties) = preSolution
		HideSolutionNode = FALSE
	EndGlobalSection
	GlobalSection(ExtensibilityGlobals) = postSolution
		SolutionGuid = {7242337C-76D9-4964-B975-885BFB85030E}
	EndGlobalSection
EndGlobal
