
Microsoft Visual Studio Solution File, Format Version 12.00
# Visual Studio Version 16
VisualStudioVersion = 16.0.29613.14
MinimumVisualStudioVersion = 10.0.40219.1
Project("{9A19103F-16F7-4668-BE54-9A1E7A4F7556}") = "labs_01_2020", "labs_01_2020\labs_01_2020.csproj", "{EC9C09F7-3829-4231-A022-FB452AA8A5D8}"
EndProject
Project("{9A19103F-16F7-4668-BE54-9A1E7A4F7556}") = "lab_03_use_library", "lab_03_library\lab_03_use_library.csproj", "{6D6A8322-92E6-44DC-A9BD-9EDB099B594B}"
EndProject
Project("{9A19103F-16F7-4668-BE54-9A1E7A4F7556}") = "lab_03_library_files", "lab_03_library_files\lab_03_library_files.csproj", "{AD1A183B-3B4E-4697-82DE-B769968EE360}"
EndProject
Project("{9A19103F-16F7-4668-BE54-9A1E7A4F7556}") = "lab_04_debugging", "lab_04_debugging\lab_04_debugging.csproj", "{28D73A37-4DA9-41E9-A4C0-336F77FA4D5B}"
EndProject
Project("{FAE04EC0-301F-11D3-BF4B-00C04F79EFBC}") = "lab_05_log_to_event_viewer", "lab_05_log_to_event_viewer\lab_05_log_to_event_viewer.csproj", "{CC261B97-3C39-4F66-B772-6A75AC733BE5}"
EndProject
Global
	GlobalSection(SolutionConfigurationPlatforms) = preSolution
		Debug|Any CPU = Debug|Any CPU
		Release|Any CPU = Release|Any CPU
	EndGlobalSection
	GlobalSection(ProjectConfigurationPlatforms) = postSolution
		{EC9C09F7-3829-4231-A022-FB452AA8A5D8}.Debug|Any CPU.ActiveCfg = Debug|Any CPU
		{EC9C09F7-3829-4231-A022-FB452AA8A5D8}.Debug|Any CPU.Build.0 = Debug|Any CPU
		{EC9C09F7-3829-4231-A022-FB452AA8A5D8}.Release|Any CPU.ActiveCfg = Release|Any CPU
		{EC9C09F7-3829-4231-A022-FB452AA8A5D8}.Release|Any CPU.Build.0 = Release|Any CPU
		{6D6A8322-92E6-44DC-A9BD-9EDB099B594B}.Debug|Any CPU.ActiveCfg = Debug|Any CPU
		{6D6A8322-92E6-44DC-A9BD-9EDB099B594B}.Debug|Any CPU.Build.0 = Debug|Any CPU
		{6D6A8322-92E6-44DC-A9BD-9EDB099B594B}.Release|Any CPU.ActiveCfg = Release|Any CPU
		{6D6A8322-92E6-44DC-A9BD-9EDB099B594B}.Release|Any CPU.Build.0 = Release|Any CPU
		{AD1A183B-3B4E-4697-82DE-B769968EE360}.Debug|Any CPU.ActiveCfg = Debug|Any CPU
		{AD1A183B-3B4E-4697-82DE-B769968EE360}.Debug|Any CPU.Build.0 = Debug|Any CPU
		{AD1A183B-3B4E-4697-82DE-B769968EE360}.Release|Any CPU.ActiveCfg = Release|Any CPU
		{AD1A183B-3B4E-4697-82DE-B769968EE360}.Release|Any CPU.Build.0 = Release|Any CPU
		{28D73A37-4DA9-41E9-A4C0-336F77FA4D5B}.Debug|Any CPU.ActiveCfg = Debug|Any CPU
		{28D73A37-4DA9-41E9-A4C0-336F77FA4D5B}.Debug|Any CPU.Build.0 = Debug|Any CPU
		{28D73A37-4DA9-41E9-A4C0-336F77FA4D5B}.Release|Any CPU.ActiveCfg = Release|Any CPU
		{28D73A37-4DA9-41E9-A4C0-336F77FA4D5B}.Release|Any CPU.Build.0 = Release|Any CPU
		{CC261B97-3C39-4F66-B772-6A75AC733BE5}.Debug|Any CPU.ActiveCfg = Debug|Any CPU
		{CC261B97-3C39-4F66-B772-6A75AC733BE5}.Debug|Any CPU.Build.0 = Debug|Any CPU
		{CC261B97-3C39-4F66-B772-6A75AC733BE5}.Release|Any CPU.ActiveCfg = Release|Any CPU
		{CC261B97-3C39-4F66-B772-6A75AC733BE5}.Release|Any CPU.Build.0 = Release|Any CPU
	EndGlobalSection
	GlobalSection(SolutionProperties) = preSolution
		HideSolutionNode = FALSE
	EndGlobalSection
	GlobalSection(ExtensibilityGlobals) = postSolution
		SolutionGuid = {7242337C-76D9-4964-B975-885BFB85030E}
	EndGlobalSection
EndGlobal
