
Microsoft Visual Studio Solution File, Format Version 12.00
# Visual Studio Version 16
VisualStudioVersion = 16.0.29613.14
MinimumVisualStudioVersion = 10.0.40219.1
Project("{9A19103F-16F7-4668-BE54-9A1E7A4F7556}") = "labs_01_2020", "labs_01_2020\labs_01_2020.csproj", "{EC9C09F7-3829-4231-A022-FB452AA8A5D8}"
EndProject
Project("{9A19103F-16F7-4668-BE54-9A1E7A4F7556}") = "lab_03_use_library", "lab_03_library\lab_03_use_library.csproj", "{6D6A8322-92E6-44DC-A9BD-9EDB099B594B}"
EndProject
Project("{9A19103F-16F7-4668-BE54-9A1E7A4F7556}") = "lab_03_library_files", "lab_03_library_files\lab_03_library_files.csproj", "{AD1A183B-3B4E-4697-82DE-B769968EE360}"
EndProject
Project("{9A19103F-16F7-4668-BE54-9A1E7A4F7556}") = "lab_04_debugging", "lab_04_debugging\lab_04_debugging.csproj", "{28D73A37-4DA9-41E9-A4C0-336F77FA4D5B}"
EndProject
Project("{FAE04EC0-301F-11D3-BF4B-00C04F79EFBC}") = "lab_05_log_to_event_viewer", "lab_05_log_to_event_viewer\lab_05_log_to_event_viewer.csproj", "{CC261B97-3C39-4F66-B772-6A75AC733BE5}"
EndProject
Project("{9A19103F-16F7-4668-BE54-9A1E7A4F7556}") = "lab_06_conditional_compiling", "lab_06_conditional_compiling\lab_06_conditional_compiling.csproj", "{0C5ED515-5336-4F4A-AEBE-8250E2BB848D}"
EndProject
Project("{9A19103F-16F7-4668-BE54-9A1E7A4F7556}") = "lab_07_argument_args_array", "lab_07_argument_args_array\lab_07_argument_args_array.csproj", "{F9CC6B5A-DBE7-4E3F-8EF7-B1865D1AD981}"
EndProject
Project("{9A19103F-16F7-4668-BE54-9A1E7A4F7556}") = "lab_08_literal_objects", "lab_08_literal_objects\lab_08_literal_objects.csproj", "{43E9439B-53BF-4A0C-B386-574712DBD843}"
EndProject
Project("{9A19103F-16F7-4668-BE54-9A1E7A4F7556}") = "lab_09_OOP_intro", "lab_09_OOP_intro\lab_09_OOP_intro.csproj", "{80F87A6B-FFF7-45C4-A941-144E0AE5D5F0}"
EndProject
Project("{9A19103F-16F7-4668-BE54-9A1E7A4F7556}") = "lab_10_methods", "lab_10_methods\lab_10_methods.csproj", "{45F3127D-8B6C-4990-8D39-FB70F74A1A27}"
EndProject
Project("{9A19103F-16F7-4668-BE54-9A1E7A4F7556}") = "lab_11_methods", "lab_11_methods\lab_11_methods.csproj", "{FC251FCD-4558-4EAD-B36A-2487600A912B}"
EndProject
Project("{9A19103F-16F7-4668-BE54-9A1E7A4F7556}") = "lab_12_properties", "lab_12_properties\lab_12_properties.csproj", "{29B61F22-A3BF-4E6B-8983-C005D033F579}"
EndProject
Project("{9A19103F-16F7-4668-BE54-9A1E7A4F7556}") = "lab_13_polymorphism", "lab_13_polymorphism\lab_13_polymorphism.csproj", "{28EAA51E-C67C-4458-A04B-055A1CE86C00}"
EndProject
Project("{9A19103F-16F7-4668-BE54-9A1E7A4F7556}") = "lab_14_abstract_class", "lab_14_abstract_class\lab_14_abstract_class.csproj", "{D0FDB340-6FBD-4339-8EF4-8CDCD78502AA}"
EndProject
Project("{9A19103F-16F7-4668-BE54-9A1E7A4F7556}") = "lab_15_namespace", "lab_15_namespace\lab_15_namespace.csproj", "{3C014199-C4B3-4EE2-859C-F00DE2ED9A80}"
EndProject
Project("{9A19103F-16F7-4668-BE54-9A1E7A4F7556}") = "lab_16_access_modifiers", "lab_16_access_modifiers\lab_16_access_modifiers.csproj", "{E25A3B15-3E82-4270-B385-C2AF96C16B5C}"
EndProject
Project("{9A19103F-16F7-4668-BE54-9A1E7A4F7556}") = "lab_17_value_reference_type", "lab_17_value_reference_type\lab_17_value_reference_type.csproj", "{0B7158A7-726D-4C51-94E8-87367456F16D}"
EndProject
Project("{9A19103F-16F7-4668-BE54-9A1E7A4F7556}") = "lab_18_loops", "lab_18_loops\lab_18_loops.csproj", "{8BB67790-3D15-4408-89A0-411C50961757}"
EndProject
Project("{9A19103F-16F7-4668-BE54-9A1E7A4F7556}") = "lab_19_collections", "lab_19_collections\lab_19_collections.csproj", "{309925FC-6099-45B4-8D7B-6EC9EFDB20FA}"
EndProject
Project("{9A19103F-16F7-4668-BE54-9A1E7A4F7556}") = "lab_20_list_queue_stack", "lab_20_list_queue_stack\lab_20_list_queue_stack.csproj", "{91C1676A-787F-4883-BC6F-C8FBA7F0402D}"
EndProject
Project("{9A19103F-16F7-4668-BE54-9A1E7A4F7556}") = "lab_21_exceptions", "lab_21_exceptions\lab_21_exceptions.csproj", "{F98D9DE6-E39E-4CC6-9576-8F57009955AF}"
EndProject
Project("{9A19103F-16F7-4668-BE54-9A1E7A4F7556}") = "lab_22_throw_exception", "lab_22_throw_exception\lab_22_throw_exception.csproj", "{4443D13F-CAC8-430A-90D5-58B55CC53003}"
EndProject
Project("{9A19103F-16F7-4668-BE54-9A1E7A4F7556}") = "lab_23_rabbits", "lab_23_rabbits\lab_23_rabbits.csproj", "{3F17BA70-1820-41A9-952C-20BD12870F5C}"
EndProject
Project("{9A19103F-16F7-4668-BE54-9A1E7A4F7556}") = "lab_24_variables", "lab_24_variables\lab_24_variables.csproj", "{F8CEDF81-B447-458D-8A10-05D8A2C5956C}"
EndProject
Project("{FAE04EC0-301F-11D3-BF4B-00C04F79EFBC}") = "Rabbit_Generator", "Rabbit_Generator\Rabbit_Generator.csproj", "{1D99974C-6C05-4A54-964B-C7F99F0A7926}"
EndProject
Project("{FAE04EC0-301F-11D3-BF4B-00C04F79EFBC}") = "lab_25_test_database", "lab_25_test_database\lab_25_test_database.csproj", "{DFCA213B-4BCA-4A21-88B5-BFC665A5CD5F}"
EndProject
Project("{FAE04EC0-301F-11D3-BF4B-00C04F79EFBC}") = "lab_25b_rabbit_database", "lab_25b_rabbit_database\lab_25b_rabbit_database.csproj", "{3D01A46E-C313-48DD-ACEE-0EAD2C6FAE15}"
EndProject
Project("{9A19103F-16F7-4668-BE54-9A1E7A4F7556}") = "lab_26_NUnit_tests", "lab_26_NUnit_tests\lab_26_NUnit_tests.csproj", "{FA3E48FD-5142-407E-96DC-4E47E6130986}"
EndProject
Project("{9A19103F-16F7-4668-BE54-9A1E7A4F7556}") = "lab_27_test_addition", "lab_27_test_addition\lab_27_test_addition.csproj", "{B31C2939-5312-4593-B293-B9360861535D}"
EndProject
Project("{9A19103F-16F7-4668-BE54-9A1E7A4F7556}") = "lab_28_code_to_pass_tests", "lab_28_code_to_pass_tests\lab_28_code_to_pass_tests.csproj", "{AA7E72F3-F9DE-4DD8-B880-F71E92FF1BF8}"
EndProject
Project("{9A19103F-16F7-4668-BE54-9A1E7A4F7556}") = "lab_29_variables_continued", "lab_29_variables_continued\lab_29_variables_continued.csproj", "{27B44B5D-B7EB-4A93-BEF2-DD1A39AA7786}"
EndProject
Project("{9A19103F-16F7-4668-BE54-9A1E7A4F7556}") = "lab_30_stopwatch_date_time", "lab_30_stopwatch_date_time\lab_30_stopwatch_date_time.csproj", "{745FE796-E67D-4542-B021-9200410D5116}"
EndProject
Project("{9A19103F-16F7-4668-BE54-9A1E7A4F7556}") = "lab_31_Enum", "lab_31_Enum\lab_31_Enum.csproj", "{57BF56B7-01F1-42E5-9987-0EB5E3980F45}"
EndProject
Project("{9A19103F-16F7-4668-BE54-9A1E7A4F7556}") = "lab_32_variables_final", "lab_32_variables_final\lab_32_variables_final.csproj", "{036CAA8D-321D-46BE-BB29-AFF95BFC14D9}"
EndProject
Project("{9A19103F-16F7-4668-BE54-9A1E7A4F7556}") = "lab_34_tuples", "lab_34_tuples\lab_34_tuples.csproj", "{A8D2178D-5BB9-4DD1-AECF-E120BFB3D8C9}"
EndProject
Project("{FAE04EC0-301F-11D3-BF4B-00C04F79EFBC}") = "lab_33_Rabbit_Advanced_Database2", "lab_33_Rabbit_Advanced_Database2\lab_33_Rabbit_Advanced_Database2.csproj", "{6AB0E204-92A2-49E2-98CE-143074D7EFCA}"
EndProject
Project("{9A19103F-16F7-4668-BE54-9A1E7A4F7556}") = "lab_35_overloading", "lab_35_overloading\lab_35_overloading.csproj", "{CE33ECB1-D14E-4AEA-BEF3-FF7EC1E16035}"
EndProject
Project("{FAE04EC0-301F-11D3-BF4B-00C04F79EFBC}") = "lab_36_Northwind_code_first", "lab_36_Northwind_code_first\lab_36_Northwind_code_first.csproj", "{FB89D338-3AD1-42D7-8477-A3E2C7AE6863}"
EndProject
Project("{9A19103F-16F7-4668-BE54-9A1E7A4F7556}") = "lab_37_northwind_core", "lab_37_northwind_core\lab_37_northwind_core.csproj", "{6BBE126E-B045-4CB5-BF59-C7C3C43D83A4}"
EndProject
Project("{9A19103F-16F7-4668-BE54-9A1E7A4F7556}") = "Morning_Lab", "Morning_Lab\Morning_Lab.csproj", "{94C39424-DB7B-4E68-9327-D95BD44F4D0A}"
EndProject
Project("{9A19103F-16F7-4668-BE54-9A1E7A4F7556}") = "lab_38_operators", "lab_38_operators\lab_38_operators.csproj", "{A7800BBE-B445-457E-92AA-1F98C89C9870}"
EndProject
Project("{9A19103F-16F7-4668-BE54-9A1E7A4F7556}") = "lab_39_interfaces", "lab_39_interfaces\lab_39_interfaces.csproj", "{122679D4-2E08-4BA5-A302-329130999B0E}"
EndProject
Project("{9A19103F-16F7-4668-BE54-9A1E7A4F7556}") = "lab_40_microsoft_office", "lab_40_microsoft_office\lab_40_microsoft_office.csproj", "{1C9231F9-F599-41E7-A0D3-80F62FE1444F}"
EndProject
Project("{FAE04EC0-301F-11D3-BF4B-00C04F79EFBC}") = "lab_40b_microsoft_office", "lab_40b_microsoft_office\lab_40b_microsoft_office.csproj", "{1B4719B2-9F8B-4CE2-B77E-111167A8F2AA}"
EndProject
Project("{9A19103F-16F7-4668-BE54-9A1E7A4F7556}") = "lab_41_delegates", "lab_41_delegates\lab_41_delegates.csproj", "{FB417638-93F4-4808-889A-559ACB223F1E}"
EndProject
Project("{9A19103F-16F7-4668-BE54-9A1E7A4F7556}") = "lab_42_events", "lab_42_events\lab_42_events.csproj", "{2BB9ABAF-1132-4640-BB47-AE26A7D26D88}"
EndProject
Project("{9A19103F-16F7-4668-BE54-9A1E7A4F7556}") = "lab_43_OOP_events", "lab_43_OOP_events\lab_43_OOP_events.csproj", "{8BD1E4ED-3576-4457-9FAC-E2C02EB7BC5A}"
EndProject
Project("{FAE04EC0-301F-11D3-BF4B-00C04F79EFBC}") = "lab_44_WPF_Entity_Users_Categories", "lab_44_WPF_Entity_Users_Categories\lab_44_WPF_Entity_Users_Categories.csproj", "{A624D952-8009-40DD-BE51-394EC2971258}"
EndProject
Project("{9A19103F-16F7-4668-BE54-9A1E7A4F7556}") = "lab_45_entity_core_sql_sqlite", "lab_45_entity_core_sql_sqlite\lab_45_entity_core_sql_sqlite.csproj", "{2C271DAE-9865-4B00-933F-E17ED7C0C24C}"
EndProject
Project("{9A19103F-16F7-4668-BE54-9A1E7A4F7556}") = "lab_46_asp_demo_site", "lab_46_asp_demo_site\lab_46_asp_demo_site.csproj", "{FE0FDAA5-5700-4D6A-A0B8-26EB7196679B}"
EndProject
Project("{F184B08F-C81C-45F6-A57F-5ABD9991F28F}") = "lab_47_mvc_framework_demo", "lab_47_mvc_framework_demo\lab_47_mvc_framework_demo.vbproj", "{5DD13DB6-EEA6-483B-9079-1A8B74CB6B3E}"
EndProject
Project("{9A19103F-16F7-4668-BE54-9A1E7A4F7556}") = "lab_49_async_await", "lab_49_async_await\lab_49_async_await.csproj", "{87F820A3-FD50-4F26-8E38-91BC033D92C7}"
EndProject
Project("{9A19103F-16F7-4668-BE54-9A1E7A4F7556}") = "lab_50_tasks", "lab_50_tasks\lab_50_tasks.csproj", "{49FCB6F6-FE49-4FB0-B877-C350A76507E8}"
EndProject
Project("{9A19103F-16F7-4668-BE54-9A1E7A4F7556}") = "lab_51_http_calling_data_from_internet", "lab_51_http_calling_data_from_internet\lab_51_http_calling_data_from_internet.csproj", "{8DBE40CD-D9F0-456C-890E-AC42DFA649BD}"
EndProject
Project("{9A19103F-16F7-4668-BE54-9A1E7A4F7556}") = "Lab_52_pass_by_reference", "Lab_52_pass_by_reference\Lab_52_pass_by_reference.csproj", "{364BE973-22E4-406B-909C-B54B77459B62}"
EndProject
Project("{FAE04EC0-301F-11D3-BF4B-00C04F79EFBC}") = "lab_53_API_Northwind_Demo", "lab_53_API_Northwind_Demo\lab_53_API_Northwind_Demo.csproj", "{4EB421F9-68B1-4A91-805A-8E083E45D207}"
EndProject
Project("{9A19103F-16F7-4668-BE54-9A1E7A4F7556}") = "lab_54_API_Northwind_Core", "lab_54_API_Northwind_Core\lab_54_API_Northwind_Core.csproj", "{2109A2F9-438C-4496-93B0-A7775AE1EEB2}"
EndProject
Project("{9A19103F-16F7-4668-BE54-9A1E7A4F7556}") = "lab_55_Raw_SQL", "lab_55_Raw_SQL\lab_55_Raw_SQL.csproj", "{D935FBC2-1ED5-4E44-8116-F852272803BE}"
EndProject
Project("{9A19103F-16F7-4668-BE54-9A1E7A4F7556}") = "lab_56_JSON_Deserialize", "lab_56_JSON_Deserialize\lab_56_JSON_Deserialize.csproj", "{8F9B41F1-CC14-41B2-8BAE-6C8C1C32A83A}"
EndProject
Project("{FAE04EC0-301F-11D3-BF4B-00C04F79EFBC}") = "lab_57_streaming_serialization", "lab_57_streaming_serialization\lab_57_streaming_serialization.csproj", "{7BF042DB-DC3B-49D5-AF6A-68EB51E6B477}"
EndProject
Project("{FAE04EC0-301F-11D3-BF4B-00C04F79EFBC}") = "lab_58_serialization", "lab_58_serialization\lab_58_serialization.csproj", "{6DC0B408-6EA4-4363-8141-2482356C3743}"
EndProject
Project("{FAE04EC0-301F-11D3-BF4B-00C04F79EFBC}") = "lab_59_API_Northwind_Core", "lab_59_API_Northwind_Core\lab_59_API_Northwind_Core.csproj", "{6B718C04-1082-46B3-B31F-DE97E9DD3B00}"
EndProject
Project("{FAE04EC0-301F-11D3-BF4B-00C04F79EFBC}") = "lab_60_cats_API", "lab_60_cats_API\lab_60_cats_API.csproj", "{B96358FB-8C25-4DE1-BCD8-29FDFD582B87}"
EndProject
Global
	GlobalSection(SolutionConfigurationPlatforms) = preSolution
		Debug|Any CPU = Debug|Any CPU
		Release|Any CPU = Release|Any CPU
	EndGlobalSection
	GlobalSection(ProjectConfigurationPlatforms) = postSolution
		{EC9C09F7-3829-4231-A022-FB452AA8A5D8}.Debug|Any CPU.ActiveCfg = Debug|Any CPU
		{EC9C09F7-3829-4231-A022-FB452AA8A5D8}.Debug|Any CPU.Build.0 = Debug|Any CPU
		{EC9C09F7-3829-4231-A022-FB452AA8A5D8}.Release|Any CPU.ActiveCfg = Release|Any CPU
		{EC9C09F7-3829-4231-A022-FB452AA8A5D8}.Release|Any CPU.Build.0 = Release|Any CPU
		{6D6A8322-92E6-44DC-A9BD-9EDB099B594B}.Debug|Any CPU.ActiveCfg = Debug|Any CPU
		{6D6A8322-92E6-44DC-A9BD-9EDB099B594B}.Debug|Any CPU.Build.0 = Debug|Any CPU
		{6D6A8322-92E6-44DC-A9BD-9EDB099B594B}.Release|Any CPU.ActiveCfg = Release|Any CPU
		{6D6A8322-92E6-44DC-A9BD-9EDB099B594B}.Release|Any CPU.Build.0 = Release|Any CPU
		{AD1A183B-3B4E-4697-82DE-B769968EE360}.Debug|Any CPU.ActiveCfg = Debug|Any CPU
		{AD1A183B-3B4E-4697-82DE-B769968EE360}.Debug|Any CPU.Build.0 = Debug|Any CPU
		{AD1A183B-3B4E-4697-82DE-B769968EE360}.Release|Any CPU.ActiveCfg = Release|Any CPU
		{AD1A183B-3B4E-4697-82DE-B769968EE360}.Release|Any CPU.Build.0 = Release|Any CPU
		{28D73A37-4DA9-41E9-A4C0-336F77FA4D5B}.Debug|Any CPU.ActiveCfg = Debug|Any CPU
		{28D73A37-4DA9-41E9-A4C0-336F77FA4D5B}.Debug|Any CPU.Build.0 = Debug|Any CPU
		{28D73A37-4DA9-41E9-A4C0-336F77FA4D5B}.Release|Any CPU.ActiveCfg = Release|Any CPU
		{28D73A37-4DA9-41E9-A4C0-336F77FA4D5B}.Release|Any CPU.Build.0 = Release|Any CPU
		{CC261B97-3C39-4F66-B772-6A75AC733BE5}.Debug|Any CPU.ActiveCfg = Debug|Any CPU
		{CC261B97-3C39-4F66-B772-6A75AC733BE5}.Debug|Any CPU.Build.0 = Debug|Any CPU
		{CC261B97-3C39-4F66-B772-6A75AC733BE5}.Release|Any CPU.ActiveCfg = Release|Any CPU
		{CC261B97-3C39-4F66-B772-6A75AC733BE5}.Release|Any CPU.Build.0 = Release|Any CPU
		{0C5ED515-5336-4F4A-AEBE-8250E2BB848D}.Debug|Any CPU.ActiveCfg = Debug|Any CPU
		{0C5ED515-5336-4F4A-AEBE-8250E2BB848D}.Debug|Any CPU.Build.0 = Debug|Any CPU
		{0C5ED515-5336-4F4A-AEBE-8250E2BB848D}.Release|Any CPU.ActiveCfg = Release|Any CPU
		{0C5ED515-5336-4F4A-AEBE-8250E2BB848D}.Release|Any CPU.Build.0 = Release|Any CPU
		{F9CC6B5A-DBE7-4E3F-8EF7-B1865D1AD981}.Debug|Any CPU.ActiveCfg = Debug|Any CPU
		{F9CC6B5A-DBE7-4E3F-8EF7-B1865D1AD981}.Debug|Any CPU.Build.0 = Debug|Any CPU
		{F9CC6B5A-DBE7-4E3F-8EF7-B1865D1AD981}.Release|Any CPU.ActiveCfg = Release|Any CPU
		{F9CC6B5A-DBE7-4E3F-8EF7-B1865D1AD981}.Release|Any CPU.Build.0 = Release|Any CPU
		{43E9439B-53BF-4A0C-B386-574712DBD843}.Debug|Any CPU.ActiveCfg = Debug|Any CPU
		{43E9439B-53BF-4A0C-B386-574712DBD843}.Debug|Any CPU.Build.0 = Debug|Any CPU
		{43E9439B-53BF-4A0C-B386-574712DBD843}.Release|Any CPU.ActiveCfg = Release|Any CPU
		{43E9439B-53BF-4A0C-B386-574712DBD843}.Release|Any CPU.Build.0 = Release|Any CPU
		{80F87A6B-FFF7-45C4-A941-144E0AE5D5F0}.Debug|Any CPU.ActiveCfg = Debug|Any CPU
		{80F87A6B-FFF7-45C4-A941-144E0AE5D5F0}.Debug|Any CPU.Build.0 = Debug|Any CPU
		{80F87A6B-FFF7-45C4-A941-144E0AE5D5F0}.Release|Any CPU.ActiveCfg = Release|Any CPU
		{80F87A6B-FFF7-45C4-A941-144E0AE5D5F0}.Release|Any CPU.Build.0 = Release|Any CPU
		{45F3127D-8B6C-4990-8D39-FB70F74A1A27}.Debug|Any CPU.ActiveCfg = Debug|Any CPU
		{45F3127D-8B6C-4990-8D39-FB70F74A1A27}.Debug|Any CPU.Build.0 = Debug|Any CPU
		{45F3127D-8B6C-4990-8D39-FB70F74A1A27}.Release|Any CPU.ActiveCfg = Release|Any CPU
		{45F3127D-8B6C-4990-8D39-FB70F74A1A27}.Release|Any CPU.Build.0 = Release|Any CPU
		{FC251FCD-4558-4EAD-B36A-2487600A912B}.Debug|Any CPU.ActiveCfg = Debug|Any CPU
		{FC251FCD-4558-4EAD-B36A-2487600A912B}.Debug|Any CPU.Build.0 = Debug|Any CPU
		{FC251FCD-4558-4EAD-B36A-2487600A912B}.Release|Any CPU.ActiveCfg = Release|Any CPU
		{FC251FCD-4558-4EAD-B36A-2487600A912B}.Release|Any CPU.Build.0 = Release|Any CPU
		{29B61F22-A3BF-4E6B-8983-C005D033F579}.Debug|Any CPU.ActiveCfg = Debug|Any CPU
		{29B61F22-A3BF-4E6B-8983-C005D033F579}.Debug|Any CPU.Build.0 = Debug|Any CPU
		{29B61F22-A3BF-4E6B-8983-C005D033F579}.Release|Any CPU.ActiveCfg = Release|Any CPU
		{29B61F22-A3BF-4E6B-8983-C005D033F579}.Release|Any CPU.Build.0 = Release|Any CPU
		{28EAA51E-C67C-4458-A04B-055A1CE86C00}.Debug|Any CPU.ActiveCfg = Debug|Any CPU
		{28EAA51E-C67C-4458-A04B-055A1CE86C00}.Debug|Any CPU.Build.0 = Debug|Any CPU
		{28EAA51E-C67C-4458-A04B-055A1CE86C00}.Release|Any CPU.ActiveCfg = Release|Any CPU
		{28EAA51E-C67C-4458-A04B-055A1CE86C00}.Release|Any CPU.Build.0 = Release|Any CPU
		{D0FDB340-6FBD-4339-8EF4-8CDCD78502AA}.Debug|Any CPU.ActiveCfg = Debug|Any CPU
		{D0FDB340-6FBD-4339-8EF4-8CDCD78502AA}.Debug|Any CPU.Build.0 = Debug|Any CPU
		{D0FDB340-6FBD-4339-8EF4-8CDCD78502AA}.Release|Any CPU.ActiveCfg = Release|Any CPU
		{D0FDB340-6FBD-4339-8EF4-8CDCD78502AA}.Release|Any CPU.Build.0 = Release|Any CPU
		{3C014199-C4B3-4EE2-859C-F00DE2ED9A80}.Debug|Any CPU.ActiveCfg = Debug|Any CPU
		{3C014199-C4B3-4EE2-859C-F00DE2ED9A80}.Debug|Any CPU.Build.0 = Debug|Any CPU
		{3C014199-C4B3-4EE2-859C-F00DE2ED9A80}.Release|Any CPU.ActiveCfg = Release|Any CPU
		{3C014199-C4B3-4EE2-859C-F00DE2ED9A80}.Release|Any CPU.Build.0 = Release|Any CPU
		{E25A3B15-3E82-4270-B385-C2AF96C16B5C}.Debug|Any CPU.ActiveCfg = Debug|Any CPU
		{E25A3B15-3E82-4270-B385-C2AF96C16B5C}.Debug|Any CPU.Build.0 = Debug|Any CPU
		{E25A3B15-3E82-4270-B385-C2AF96C16B5C}.Release|Any CPU.ActiveCfg = Release|Any CPU
		{E25A3B15-3E82-4270-B385-C2AF96C16B5C}.Release|Any CPU.Build.0 = Release|Any CPU
		{0B7158A7-726D-4C51-94E8-87367456F16D}.Debug|Any CPU.ActiveCfg = Debug|Any CPU
		{0B7158A7-726D-4C51-94E8-87367456F16D}.Debug|Any CPU.Build.0 = Debug|Any CPU
		{0B7158A7-726D-4C51-94E8-87367456F16D}.Release|Any CPU.ActiveCfg = Release|Any CPU
		{0B7158A7-726D-4C51-94E8-87367456F16D}.Release|Any CPU.Build.0 = Release|Any CPU
		{8BB67790-3D15-4408-89A0-411C50961757}.Debug|Any CPU.ActiveCfg = Debug|Any CPU
		{8BB67790-3D15-4408-89A0-411C50961757}.Debug|Any CPU.Build.0 = Debug|Any CPU
		{8BB67790-3D15-4408-89A0-411C50961757}.Release|Any CPU.ActiveCfg = Release|Any CPU
		{8BB67790-3D15-4408-89A0-411C50961757}.Release|Any CPU.Build.0 = Release|Any CPU
		{309925FC-6099-45B4-8D7B-6EC9EFDB20FA}.Debug|Any CPU.ActiveCfg = Debug|Any CPU
		{309925FC-6099-45B4-8D7B-6EC9EFDB20FA}.Debug|Any CPU.Build.0 = Debug|Any CPU
		{309925FC-6099-45B4-8D7B-6EC9EFDB20FA}.Release|Any CPU.ActiveCfg = Release|Any CPU
		{309925FC-6099-45B4-8D7B-6EC9EFDB20FA}.Release|Any CPU.Build.0 = Release|Any CPU
		{91C1676A-787F-4883-BC6F-C8FBA7F0402D}.Debug|Any CPU.ActiveCfg = Debug|Any CPU
		{91C1676A-787F-4883-BC6F-C8FBA7F0402D}.Debug|Any CPU.Build.0 = Debug|Any CPU
		{91C1676A-787F-4883-BC6F-C8FBA7F0402D}.Release|Any CPU.ActiveCfg = Release|Any CPU
		{91C1676A-787F-4883-BC6F-C8FBA7F0402D}.Release|Any CPU.Build.0 = Release|Any CPU
		{F98D9DE6-E39E-4CC6-9576-8F57009955AF}.Debug|Any CPU.ActiveCfg = Debug|Any CPU
		{F98D9DE6-E39E-4CC6-9576-8F57009955AF}.Debug|Any CPU.Build.0 = Debug|Any CPU
		{F98D9DE6-E39E-4CC6-9576-8F57009955AF}.Release|Any CPU.ActiveCfg = Release|Any CPU
		{F98D9DE6-E39E-4CC6-9576-8F57009955AF}.Release|Any CPU.Build.0 = Release|Any CPU
		{4443D13F-CAC8-430A-90D5-58B55CC53003}.Debug|Any CPU.ActiveCfg = Debug|Any CPU
		{4443D13F-CAC8-430A-90D5-58B55CC53003}.Debug|Any CPU.Build.0 = Debug|Any CPU
		{4443D13F-CAC8-430A-90D5-58B55CC53003}.Release|Any CPU.ActiveCfg = Release|Any CPU
		{4443D13F-CAC8-430A-90D5-58B55CC53003}.Release|Any CPU.Build.0 = Release|Any CPU
		{3F17BA70-1820-41A9-952C-20BD12870F5C}.Debug|Any CPU.ActiveCfg = Debug|Any CPU
		{3F17BA70-1820-41A9-952C-20BD12870F5C}.Debug|Any CPU.Build.0 = Debug|Any CPU
		{3F17BA70-1820-41A9-952C-20BD12870F5C}.Release|Any CPU.ActiveCfg = Release|Any CPU
		{3F17BA70-1820-41A9-952C-20BD12870F5C}.Release|Any CPU.Build.0 = Release|Any CPU
		{F8CEDF81-B447-458D-8A10-05D8A2C5956C}.Debug|Any CPU.ActiveCfg = Debug|Any CPU
		{F8CEDF81-B447-458D-8A10-05D8A2C5956C}.Debug|Any CPU.Build.0 = Debug|Any CPU
		{F8CEDF81-B447-458D-8A10-05D8A2C5956C}.Release|Any CPU.ActiveCfg = Release|Any CPU
		{F8CEDF81-B447-458D-8A10-05D8A2C5956C}.Release|Any CPU.Build.0 = Release|Any CPU
		{1D99974C-6C05-4A54-964B-C7F99F0A7926}.Debug|Any CPU.ActiveCfg = Debug|Any CPU
		{1D99974C-6C05-4A54-964B-C7F99F0A7926}.Debug|Any CPU.Build.0 = Debug|Any CPU
		{1D99974C-6C05-4A54-964B-C7F99F0A7926}.Release|Any CPU.ActiveCfg = Release|Any CPU
		{1D99974C-6C05-4A54-964B-C7F99F0A7926}.Release|Any CPU.Build.0 = Release|Any CPU
		{DFCA213B-4BCA-4A21-88B5-BFC665A5CD5F}.Debug|Any CPU.ActiveCfg = Debug|Any CPU
		{DFCA213B-4BCA-4A21-88B5-BFC665A5CD5F}.Debug|Any CPU.Build.0 = Debug|Any CPU
		{DFCA213B-4BCA-4A21-88B5-BFC665A5CD5F}.Release|Any CPU.ActiveCfg = Release|Any CPU
		{DFCA213B-4BCA-4A21-88B5-BFC665A5CD5F}.Release|Any CPU.Build.0 = Release|Any CPU
		{3D01A46E-C313-48DD-ACEE-0EAD2C6FAE15}.Debug|Any CPU.ActiveCfg = Debug|Any CPU
		{3D01A46E-C313-48DD-ACEE-0EAD2C6FAE15}.Debug|Any CPU.Build.0 = Debug|Any CPU
		{3D01A46E-C313-48DD-ACEE-0EAD2C6FAE15}.Release|Any CPU.ActiveCfg = Release|Any CPU
		{3D01A46E-C313-48DD-ACEE-0EAD2C6FAE15}.Release|Any CPU.Build.0 = Release|Any CPU
		{FA3E48FD-5142-407E-96DC-4E47E6130986}.Debug|Any CPU.ActiveCfg = Debug|Any CPU
		{FA3E48FD-5142-407E-96DC-4E47E6130986}.Debug|Any CPU.Build.0 = Debug|Any CPU
		{FA3E48FD-5142-407E-96DC-4E47E6130986}.Release|Any CPU.ActiveCfg = Release|Any CPU
		{FA3E48FD-5142-407E-96DC-4E47E6130986}.Release|Any CPU.Build.0 = Release|Any CPU
		{B31C2939-5312-4593-B293-B9360861535D}.Debug|Any CPU.ActiveCfg = Debug|Any CPU
		{B31C2939-5312-4593-B293-B9360861535D}.Debug|Any CPU.Build.0 = Debug|Any CPU
		{B31C2939-5312-4593-B293-B9360861535D}.Release|Any CPU.ActiveCfg = Release|Any CPU
		{B31C2939-5312-4593-B293-B9360861535D}.Release|Any CPU.Build.0 = Release|Any CPU
		{AA7E72F3-F9DE-4DD8-B880-F71E92FF1BF8}.Debug|Any CPU.ActiveCfg = Debug|Any CPU
		{AA7E72F3-F9DE-4DD8-B880-F71E92FF1BF8}.Debug|Any CPU.Build.0 = Debug|Any CPU
		{AA7E72F3-F9DE-4DD8-B880-F71E92FF1BF8}.Release|Any CPU.ActiveCfg = Release|Any CPU
		{AA7E72F3-F9DE-4DD8-B880-F71E92FF1BF8}.Release|Any CPU.Build.0 = Release|Any CPU
		{27B44B5D-B7EB-4A93-BEF2-DD1A39AA7786}.Debug|Any CPU.ActiveCfg = Debug|Any CPU
		{27B44B5D-B7EB-4A93-BEF2-DD1A39AA7786}.Debug|Any CPU.Build.0 = Debug|Any CPU
		{27B44B5D-B7EB-4A93-BEF2-DD1A39AA7786}.Release|Any CPU.ActiveCfg = Release|Any CPU
		{27B44B5D-B7EB-4A93-BEF2-DD1A39AA7786}.Release|Any CPU.Build.0 = Release|Any CPU
		{745FE796-E67D-4542-B021-9200410D5116}.Debug|Any CPU.ActiveCfg = Debug|Any CPU
		{745FE796-E67D-4542-B021-9200410D5116}.Debug|Any CPU.Build.0 = Debug|Any CPU
		{745FE796-E67D-4542-B021-9200410D5116}.Release|Any CPU.ActiveCfg = Release|Any CPU
		{745FE796-E67D-4542-B021-9200410D5116}.Release|Any CPU.Build.0 = Release|Any CPU
		{57BF56B7-01F1-42E5-9987-0EB5E3980F45}.Debug|Any CPU.ActiveCfg = Debug|Any CPU
		{57BF56B7-01F1-42E5-9987-0EB5E3980F45}.Debug|Any CPU.Build.0 = Debug|Any CPU
		{57BF56B7-01F1-42E5-9987-0EB5E3980F45}.Release|Any CPU.ActiveCfg = Release|Any CPU
		{57BF56B7-01F1-42E5-9987-0EB5E3980F45}.Release|Any CPU.Build.0 = Release|Any CPU
		{036CAA8D-321D-46BE-BB29-AFF95BFC14D9}.Debug|Any CPU.ActiveCfg = Debug|Any CPU
		{036CAA8D-321D-46BE-BB29-AFF95BFC14D9}.Debug|Any CPU.Build.0 = Debug|Any CPU
		{036CAA8D-321D-46BE-BB29-AFF95BFC14D9}.Release|Any CPU.ActiveCfg = Release|Any CPU
		{036CAA8D-321D-46BE-BB29-AFF95BFC14D9}.Release|Any CPU.Build.0 = Release|Any CPU
		{A8D2178D-5BB9-4DD1-AECF-E120BFB3D8C9}.Debug|Any CPU.ActiveCfg = Debug|Any CPU
		{A8D2178D-5BB9-4DD1-AECF-E120BFB3D8C9}.Debug|Any CPU.Build.0 = Debug|Any CPU
		{A8D2178D-5BB9-4DD1-AECF-E120BFB3D8C9}.Release|Any CPU.ActiveCfg = Release|Any CPU
		{A8D2178D-5BB9-4DD1-AECF-E120BFB3D8C9}.Release|Any CPU.Build.0 = Release|Any CPU
		{6AB0E204-92A2-49E2-98CE-143074D7EFCA}.Debug|Any CPU.ActiveCfg = Debug|Any CPU
		{6AB0E204-92A2-49E2-98CE-143074D7EFCA}.Debug|Any CPU.Build.0 = Debug|Any CPU
		{6AB0E204-92A2-49E2-98CE-143074D7EFCA}.Release|Any CPU.ActiveCfg = Release|Any CPU
		{6AB0E204-92A2-49E2-98CE-143074D7EFCA}.Release|Any CPU.Build.0 = Release|Any CPU
		{CE33ECB1-D14E-4AEA-BEF3-FF7EC1E16035}.Debug|Any CPU.ActiveCfg = Debug|Any CPU
		{CE33ECB1-D14E-4AEA-BEF3-FF7EC1E16035}.Debug|Any CPU.Build.0 = Debug|Any CPU
		{CE33ECB1-D14E-4AEA-BEF3-FF7EC1E16035}.Release|Any CPU.ActiveCfg = Release|Any CPU
		{CE33ECB1-D14E-4AEA-BEF3-FF7EC1E16035}.Release|Any CPU.Build.0 = Release|Any CPU
		{FB89D338-3AD1-42D7-8477-A3E2C7AE6863}.Debug|Any CPU.ActiveCfg = Debug|Any CPU
		{FB89D338-3AD1-42D7-8477-A3E2C7AE6863}.Debug|Any CPU.Build.0 = Debug|Any CPU
		{FB89D338-3AD1-42D7-8477-A3E2C7AE6863}.Release|Any CPU.ActiveCfg = Release|Any CPU
		{FB89D338-3AD1-42D7-8477-A3E2C7AE6863}.Release|Any CPU.Build.0 = Release|Any CPU
		{6BBE126E-B045-4CB5-BF59-C7C3C43D83A4}.Debug|Any CPU.ActiveCfg = Debug|Any CPU
		{6BBE126E-B045-4CB5-BF59-C7C3C43D83A4}.Debug|Any CPU.Build.0 = Debug|Any CPU
		{6BBE126E-B045-4CB5-BF59-C7C3C43D83A4}.Release|Any CPU.ActiveCfg = Release|Any CPU
		{6BBE126E-B045-4CB5-BF59-C7C3C43D83A4}.Release|Any CPU.Build.0 = Release|Any CPU
		{94C39424-DB7B-4E68-9327-D95BD44F4D0A}.Debug|Any CPU.ActiveCfg = Debug|Any CPU
		{94C39424-DB7B-4E68-9327-D95BD44F4D0A}.Debug|Any CPU.Build.0 = Debug|Any CPU
		{94C39424-DB7B-4E68-9327-D95BD44F4D0A}.Release|Any CPU.ActiveCfg = Release|Any CPU
		{94C39424-DB7B-4E68-9327-D95BD44F4D0A}.Release|Any CPU.Build.0 = Release|Any CPU
		{A7800BBE-B445-457E-92AA-1F98C89C9870}.Debug|Any CPU.ActiveCfg = Debug|Any CPU
		{A7800BBE-B445-457E-92AA-1F98C89C9870}.Debug|Any CPU.Build.0 = Debug|Any CPU
		{A7800BBE-B445-457E-92AA-1F98C89C9870}.Release|Any CPU.ActiveCfg = Release|Any CPU
		{A7800BBE-B445-457E-92AA-1F98C89C9870}.Release|Any CPU.Build.0 = Release|Any CPU
		{122679D4-2E08-4BA5-A302-329130999B0E}.Debug|Any CPU.ActiveCfg = Debug|Any CPU
		{122679D4-2E08-4BA5-A302-329130999B0E}.Debug|Any CPU.Build.0 = Debug|Any CPU
		{122679D4-2E08-4BA5-A302-329130999B0E}.Release|Any CPU.ActiveCfg = Release|Any CPU
		{122679D4-2E08-4BA5-A302-329130999B0E}.Release|Any CPU.Build.0 = Release|Any CPU
		{1C9231F9-F599-41E7-A0D3-80F62FE1444F}.Debug|Any CPU.ActiveCfg = Debug|Any CPU
		{1C9231F9-F599-41E7-A0D3-80F62FE1444F}.Debug|Any CPU.Build.0 = Debug|Any CPU
		{1C9231F9-F599-41E7-A0D3-80F62FE1444F}.Release|Any CPU.ActiveCfg = Release|Any CPU
		{1C9231F9-F599-41E7-A0D3-80F62FE1444F}.Release|Any CPU.Build.0 = Release|Any CPU
		{1B4719B2-9F8B-4CE2-B77E-111167A8F2AA}.Debug|Any CPU.ActiveCfg = Debug|Any CPU
		{1B4719B2-9F8B-4CE2-B77E-111167A8F2AA}.Debug|Any CPU.Build.0 = Debug|Any CPU
		{1B4719B2-9F8B-4CE2-B77E-111167A8F2AA}.Release|Any CPU.ActiveCfg = Release|Any CPU
		{1B4719B2-9F8B-4CE2-B77E-111167A8F2AA}.Release|Any CPU.Build.0 = Release|Any CPU
		{FB417638-93F4-4808-889A-559ACB223F1E}.Debug|Any CPU.ActiveCfg = Debug|Any CPU
		{FB417638-93F4-4808-889A-559ACB223F1E}.Debug|Any CPU.Build.0 = Debug|Any CPU
		{FB417638-93F4-4808-889A-559ACB223F1E}.Release|Any CPU.ActiveCfg = Release|Any CPU
		{FB417638-93F4-4808-889A-559ACB223F1E}.Release|Any CPU.Build.0 = Release|Any CPU
		{2BB9ABAF-1132-4640-BB47-AE26A7D26D88}.Debug|Any CPU.ActiveCfg = Debug|Any CPU
		{2BB9ABAF-1132-4640-BB47-AE26A7D26D88}.Debug|Any CPU.Build.0 = Debug|Any CPU
		{2BB9ABAF-1132-4640-BB47-AE26A7D26D88}.Release|Any CPU.ActiveCfg = Release|Any CPU
		{2BB9ABAF-1132-4640-BB47-AE26A7D26D88}.Release|Any CPU.Build.0 = Release|Any CPU
		{8BD1E4ED-3576-4457-9FAC-E2C02EB7BC5A}.Debug|Any CPU.ActiveCfg = Debug|Any CPU
		{8BD1E4ED-3576-4457-9FAC-E2C02EB7BC5A}.Debug|Any CPU.Build.0 = Debug|Any CPU
		{8BD1E4ED-3576-4457-9FAC-E2C02EB7BC5A}.Release|Any CPU.ActiveCfg = Release|Any CPU
		{8BD1E4ED-3576-4457-9FAC-E2C02EB7BC5A}.Release|Any CPU.Build.0 = Release|Any CPU
		{A624D952-8009-40DD-BE51-394EC2971258}.Debug|Any CPU.ActiveCfg = Debug|Any CPU
		{A624D952-8009-40DD-BE51-394EC2971258}.Debug|Any CPU.Build.0 = Debug|Any CPU
		{A624D952-8009-40DD-BE51-394EC2971258}.Release|Any CPU.ActiveCfg = Release|Any CPU
		{A624D952-8009-40DD-BE51-394EC2971258}.Release|Any CPU.Build.0 = Release|Any CPU
		{2C271DAE-9865-4B00-933F-E17ED7C0C24C}.Debug|Any CPU.ActiveCfg = Debug|Any CPU
		{2C271DAE-9865-4B00-933F-E17ED7C0C24C}.Debug|Any CPU.Build.0 = Debug|Any CPU
		{2C271DAE-9865-4B00-933F-E17ED7C0C24C}.Release|Any CPU.ActiveCfg = Release|Any CPU
		{2C271DAE-9865-4B00-933F-E17ED7C0C24C}.Release|Any CPU.Build.0 = Release|Any CPU
		{FE0FDAA5-5700-4D6A-A0B8-26EB7196679B}.Debug|Any CPU.ActiveCfg = Debug|Any CPU
		{FE0FDAA5-5700-4D6A-A0B8-26EB7196679B}.Debug|Any CPU.Build.0 = Debug|Any CPU
		{FE0FDAA5-5700-4D6A-A0B8-26EB7196679B}.Release|Any CPU.ActiveCfg = Release|Any CPU
		{FE0FDAA5-5700-4D6A-A0B8-26EB7196679B}.Release|Any CPU.Build.0 = Release|Any CPU
		{5DD13DB6-EEA6-483B-9079-1A8B74CB6B3E}.Debug|Any CPU.ActiveCfg = Debug|Any CPU
		{5DD13DB6-EEA6-483B-9079-1A8B74CB6B3E}.Debug|Any CPU.Build.0 = Debug|Any CPU
		{5DD13DB6-EEA6-483B-9079-1A8B74CB6B3E}.Release|Any CPU.ActiveCfg = Release|Any CPU
		{5DD13DB6-EEA6-483B-9079-1A8B74CB6B3E}.Release|Any CPU.Build.0 = Release|Any CPU
		{87F820A3-FD50-4F26-8E38-91BC033D92C7}.Debug|Any CPU.ActiveCfg = Debug|Any CPU
		{87F820A3-FD50-4F26-8E38-91BC033D92C7}.Debug|Any CPU.Build.0 = Debug|Any CPU
		{87F820A3-FD50-4F26-8E38-91BC033D92C7}.Release|Any CPU.ActiveCfg = Release|Any CPU
		{87F820A3-FD50-4F26-8E38-91BC033D92C7}.Release|Any CPU.Build.0 = Release|Any CPU
		{49FCB6F6-FE49-4FB0-B877-C350A76507E8}.Debug|Any CPU.ActiveCfg = Debug|Any CPU
		{49FCB6F6-FE49-4FB0-B877-C350A76507E8}.Debug|Any CPU.Build.0 = Debug|Any CPU
		{49FCB6F6-FE49-4FB0-B877-C350A76507E8}.Release|Any CPU.ActiveCfg = Release|Any CPU
		{49FCB6F6-FE49-4FB0-B877-C350A76507E8}.Release|Any CPU.Build.0 = Release|Any CPU
		{8DBE40CD-D9F0-456C-890E-AC42DFA649BD}.Debug|Any CPU.ActiveCfg = Debug|Any CPU
		{8DBE40CD-D9F0-456C-890E-AC42DFA649BD}.Debug|Any CPU.Build.0 = Debug|Any CPU
		{8DBE40CD-D9F0-456C-890E-AC42DFA649BD}.Release|Any CPU.ActiveCfg = Release|Any CPU
		{8DBE40CD-D9F0-456C-890E-AC42DFA649BD}.Release|Any CPU.Build.0 = Release|Any CPU
		{364BE973-22E4-406B-909C-B54B77459B62}.Debug|Any CPU.ActiveCfg = Debug|Any CPU
		{364BE973-22E4-406B-909C-B54B77459B62}.Debug|Any CPU.Build.0 = Debug|Any CPU
		{364BE973-22E4-406B-909C-B54B77459B62}.Release|Any CPU.ActiveCfg = Release|Any CPU
		{364BE973-22E4-406B-909C-B54B77459B62}.Release|Any CPU.Build.0 = Release|Any CPU
		{4EB421F9-68B1-4A91-805A-8E083E45D207}.Debug|Any CPU.ActiveCfg = Debug|Any CPU
		{4EB421F9-68B1-4A91-805A-8E083E45D207}.Debug|Any CPU.Build.0 = Debug|Any CPU
		{4EB421F9-68B1-4A91-805A-8E083E45D207}.Release|Any CPU.ActiveCfg = Release|Any CPU
		{4EB421F9-68B1-4A91-805A-8E083E45D207}.Release|Any CPU.Build.0 = Release|Any CPU
		{2109A2F9-438C-4496-93B0-A7775AE1EEB2}.Debug|Any CPU.ActiveCfg = Debug|Any CPU
		{2109A2F9-438C-4496-93B0-A7775AE1EEB2}.Debug|Any CPU.Build.0 = Debug|Any CPU
		{2109A2F9-438C-4496-93B0-A7775AE1EEB2}.Release|Any CPU.ActiveCfg = Release|Any CPU
		{2109A2F9-438C-4496-93B0-A7775AE1EEB2}.Release|Any CPU.Build.0 = Release|Any CPU
		{D935FBC2-1ED5-4E44-8116-F852272803BE}.Debug|Any CPU.ActiveCfg = Debug|Any CPU
		{D935FBC2-1ED5-4E44-8116-F852272803BE}.Debug|Any CPU.Build.0 = Debug|Any CPU
		{D935FBC2-1ED5-4E44-8116-F852272803BE}.Release|Any CPU.ActiveCfg = Release|Any CPU
		{D935FBC2-1ED5-4E44-8116-F852272803BE}.Release|Any CPU.Build.0 = Release|Any CPU
		{8F9B41F1-CC14-41B2-8BAE-6C8C1C32A83A}.Debug|Any CPU.ActiveCfg = Debug|Any CPU
		{8F9B41F1-CC14-41B2-8BAE-6C8C1C32A83A}.Debug|Any CPU.Build.0 = Debug|Any CPU
		{8F9B41F1-CC14-41B2-8BAE-6C8C1C32A83A}.Release|Any CPU.ActiveCfg = Release|Any CPU
		{8F9B41F1-CC14-41B2-8BAE-6C8C1C32A83A}.Release|Any CPU.Build.0 = Release|Any CPU
		{7BF042DB-DC3B-49D5-AF6A-68EB51E6B477}.Debug|Any CPU.ActiveCfg = Debug|Any CPU
		{7BF042DB-DC3B-49D5-AF6A-68EB51E6B477}.Debug|Any CPU.Build.0 = Debug|Any CPU
		{7BF042DB-DC3B-49D5-AF6A-68EB51E6B477}.Release|Any CPU.ActiveCfg = Release|Any CPU
		{7BF042DB-DC3B-49D5-AF6A-68EB51E6B477}.Release|Any CPU.Build.0 = Release|Any CPU
		{6DC0B408-6EA4-4363-8141-2482356C3743}.Debug|Any CPU.ActiveCfg = Debug|Any CPU
		{6DC0B408-6EA4-4363-8141-2482356C3743}.Debug|Any CPU.Build.0 = Debug|Any CPU
		{6DC0B408-6EA4-4363-8141-2482356C3743}.Release|Any CPU.ActiveCfg = Release|Any CPU
		{6DC0B408-6EA4-4363-8141-2482356C3743}.Release|Any CPU.Build.0 = Release|Any CPU
		{6B718C04-1082-46B3-B31F-DE97E9DD3B00}.Debug|Any CPU.ActiveCfg = Debug|Any CPU
		{6B718C04-1082-46B3-B31F-DE97E9DD3B00}.Debug|Any CPU.Build.0 = Debug|Any CPU
		{6B718C04-1082-46B3-B31F-DE97E9DD3B00}.Release|Any CPU.ActiveCfg = Release|Any CPU
		{6B718C04-1082-46B3-B31F-DE97E9DD3B00}.Release|Any CPU.Build.0 = Release|Any CPU
		{B96358FB-8C25-4DE1-BCD8-29FDFD582B87}.Debug|Any CPU.ActiveCfg = Debug|Any CPU
		{B96358FB-8C25-4DE1-BCD8-29FDFD582B87}.Debug|Any CPU.Build.0 = Debug|Any CPU
		{B96358FB-8C25-4DE1-BCD8-29FDFD582B87}.Release|Any CPU.ActiveCfg = Release|Any CPU
		{B96358FB-8C25-4DE1-BCD8-29FDFD582B87}.Release|Any CPU.Build.0 = Release|Any CPU
	EndGlobalSection
	GlobalSection(SolutionProperties) = preSolution
		HideSolutionNode = FALSE
	EndGlobalSection
	GlobalSection(ExtensibilityGlobals) = postSolution
		SolutionGuid = {7242337C-76D9-4964-B975-885BFB85030E}
	EndGlobalSection
EndGlobal
