
Microsoft Visual Studio Solution File, Format Version 12.00
# Visual Studio Version 16
VisualStudioVersion = 16.0.29709.97
MinimumVisualStudioVersion = 10.0.40219.1
Project("{9A19103F-16F7-4668-BE54-9A1E7A4F7556}") = "Final_Nba_API", "Final_Nba_API.csproj", "{9398C25E-2B5E-4B09-9010-D3132CC375B2}"
EndProject
Project("{FAE04EC0-301F-11D3-BF4B-00C04F79EFBC}") = "Nba_Actual_API", "..\Nba_Actual_API\Nba_Actual_API.csproj", "{B0569721-3A44-4585-8E77-0E79523BE98E}"
EndProject
Global
	GlobalSection(SolutionConfigurationPlatforms) = preSolution
		Debug|Any CPU = Debug|Any CPU
		Release|Any CPU = Release|Any CPU
	EndGlobalSection
	GlobalSection(ProjectConfigurationPlatforms) = postSolution
		{9398C25E-2B5E-4B09-9010-D3132CC375B2}.Debug|Any CPU.ActiveCfg = Debug|Any CPU
		{9398C25E-2B5E-4B09-9010-D3132CC375B2}.Debug|Any CPU.Build.0 = Debug|Any CPU
		{9398C25E-2B5E-4B09-9010-D3132CC375B2}.Release|Any CPU.ActiveCfg = Release|Any CPU
		{9398C25E-2B5E-4B09-9010-D3132CC375B2}.Release|Any CPU.Build.0 = Release|Any CPU
		{B0569721-3A44-4585-8E77-0E79523BE98E}.Debug|Any CPU.ActiveCfg = Debug|Any CPU
		{B0569721-3A44-4585-8E77-0E79523BE98E}.Debug|Any CPU.Build.0 = Debug|Any CPU
		{B0569721-3A44-4585-8E77-0E79523BE98E}.Release|Any CPU.ActiveCfg = Release|Any CPU
		{B0569721-3A44-4585-8E77-0E79523BE98E}.Release|Any CPU.Build.0 = Release|Any CPU
	EndGlobalSection
	GlobalSection(SolutionProperties) = preSolution
		HideSolutionNode = FALSE
	EndGlobalSection
	GlobalSection(ExtensibilityGlobals) = postSolution
		SolutionGuid = {9FB0FCA1-BE0C-4841-8785-04EE4B4ACAF3}
	EndGlobalSection
EndGlobal
